// !$*UTF8*$!
{
	archiveVersion = 1;
	classes = {
	};
	objectVersion = 46;
	objects = {

/* Begin PBXBuildFile section */
		520ED80C171F439100BB4B23 /* Gear+ExportAsPDF.m in Sources */ = {isa = PBXBuildFile; fileRef = 520ED80B171F439100BB4B23 /* Gear+ExportAsPDF.m */; };
		5252F9CB16B5B4F0005AFA8C /* Cocoa.framework in Frameworks */ = {isa = PBXBuildFile; fileRef = 5252F9CA16B5B4F0005AFA8C /* Cocoa.framework */; };
		5252F9D716B5B4F0005AFA8C /* main.m in Sources */ = {isa = PBXBuildFile; fileRef = 5252F9D616B5B4F0005AFA8C /* main.m */; };
		5252F9E916B5B4F0005AFA8C /* SenTestingKit.framework in Frameworks */ = {isa = PBXBuildFile; fileRef = 5252F9E816B5B4F0005AFA8C /* SenTestingKit.framework */; };
		5252F9EA16B5B4F0005AFA8C /* Cocoa.framework in Frameworks */ = {isa = PBXBuildFile; fileRef = 5252F9CA16B5B4F0005AFA8C /* Cocoa.framework */; };
		5252F9F516B5B4F0005AFA8C /* GearmakerTests.m in Sources */ = {isa = PBXBuildFile; fileRef = 5252F9F416B5B4F0005AFA8C /* GearmakerTests.m */; };
		5252FA0016B5B500005AFA8C /* Involute.m in Sources */ = {isa = PBXBuildFile; fileRef = 5252F9FF16B5B500005AFA8C /* Involute.m */; };
		5252FA0316B5B539005AFA8C /* TestInvolute.m in Sources */ = {isa = PBXBuildFile; fileRef = 5252FA0216B5B539005AFA8C /* TestInvolute.m */; };
		52C86CF016B69E3E00693748 /* Gear.m in Sources */ = {isa = PBXBuildFile; fileRef = 52C86CEF16B69E3E00693748 /* Gear.m */; };
		52C86CF416B69F9E00693748 /* TestGear.m in Sources */ = {isa = PBXBuildFile; fileRef = 52C86CF316B69F9E00693748 /* TestGear.m */; };
		52C86CFD16B70B7800693748 /* NSArray+Map.m in Sources */ = {isa = PBXBuildFile; fileRef = 52C86CFC16B70B7800693748 /* NSArray+Map.m */; };
		52C86D0016B70F8A00693748 /* GearView.m in Sources */ = {isa = PBXBuildFile; fileRef = 52C86CFF16B70F8A00693748 /* GearView.m */; };
		52C86D0316B71A1F00693748 /* Gear3D.m in Sources */ = {isa = PBXBuildFile; fileRef = 52C86D0216B71A1F00693748 /* Gear3D.m */; };
		52E488B5171DA2A000ED6DC9 /* Gear3D+ColladaExport.m in Sources */ = {isa = PBXBuildFile; fileRef = 52E488B4171DA2A000ED6DC9 /* Gear3D+ColladaExport.m */; };
		52E488BB171DEA3400ED6DC9 /* NSXMLElement+SimplifiedCreation.m in Sources */ = {isa = PBXBuildFile; fileRef = 52E488BA171DEA3400ED6DC9 /* NSXMLElement+SimplifiedCreation.m */; };
		52E488BF171DF38400ED6DC9 /* ExportViewController.m in Sources */ = {isa = PBXBuildFile; fileRef = 52E488BD171DF38400ED6DC9 /* ExportViewController.m */; };
		52E488C9171DF89600ED6DC9 /* ExportViewController.xib in Resources */ = {isa = PBXBuildFile; fileRef = 52E488C6171DF3DE00ED6DC9 /* ExportViewController.xib */; };
		52E488CA171DF89900ED6DC9 /* MainMenu.xib in Resources */ = {isa = PBXBuildFile; fileRef = 52AD558616B9C681007F0F0D /* MainMenu.xib */; };
		52E488CB171DF89E00ED6DC9 /* InfoPlist.strings in Resources */ = {isa = PBXBuildFile; fileRef = 52AD558016B9C677007F0F0D /* InfoPlist.strings */; };
		52E488CC171DF8A100ED6DC9 /* Credits.rtf in Resources */ = {isa = PBXBuildFile; fileRef = 52AD557E16B9C677007F0F0D /* Credits.rtf */; };
		52E488D2171DFC3D00ED6DC9 /* GearDocument.m in Sources */ = {isa = PBXBuildFile; fileRef = 52E488D0171DFC3D00ED6DC9 /* GearDocument.m */; };
		52E488D3171DFC3D00ED6DC9 /* GearDocument.xib in Resources */ = {isa = PBXBuildFile; fileRef = 52E488D1171DFC3D00ED6DC9 /* GearDocument.xib */; };
/* End PBXBuildFile section */

/* Begin PBXContainerItemProxy section */
		5252F9EB16B5B4F0005AFA8C /* PBXContainerItemProxy */ = {
			isa = PBXContainerItemProxy;
			containerPortal = 5252F9BD16B5B4F0005AFA8C /* Project object */;
			proxyType = 1;
			remoteGlobalIDString = 5252F9C516B5B4F0005AFA8C;
			remoteInfo = Gearmaker;
		};
/* End PBXContainerItemProxy section */

/* Begin PBXFileReference section */
		520ED80A171F439100BB4B23 /* Gear+ExportAsPDF.h */ = {isa = PBXFileReference; fileEncoding = 4; lastKnownFileType = sourcecode.c.h; path = "Gear+ExportAsPDF.h"; sourceTree = "<group>"; };
		520ED80B171F439100BB4B23 /* Gear+ExportAsPDF.m */ = {isa = PBXFileReference; fileEncoding = 4; lastKnownFileType = sourcecode.c.objc; path = "Gear+ExportAsPDF.m"; sourceTree = "<group>"; };
		5252F9C616B5B4F0005AFA8C /* Gearmaker.app */ = {isa = PBXFileReference; explicitFileType = wrapper.application; includeInIndex = 0; path = Gearmaker.app; sourceTree = BUILT_PRODUCTS_DIR; };
		5252F9CA16B5B4F0005AFA8C /* Cocoa.framework */ = {isa = PBXFileReference; lastKnownFileType = wrapper.framework; name = Cocoa.framework; path = System/Library/Frameworks/Cocoa.framework; sourceTree = SDKROOT; };
		5252F9CD16B5B4F0005AFA8C /* AppKit.framework */ = {isa = PBXFileReference; lastKnownFileType = wrapper.framework; name = AppKit.framework; path = System/Library/Frameworks/AppKit.framework; sourceTree = SDKROOT; };
		5252F9CE16B5B4F0005AFA8C /* CoreData.framework */ = {isa = PBXFileReference; lastKnownFileType = wrapper.framework; name = CoreData.framework; path = System/Library/Frameworks/CoreData.framework; sourceTree = SDKROOT; };
		5252F9CF16B5B4F0005AFA8C /* Foundation.framework */ = {isa = PBXFileReference; lastKnownFileType = wrapper.framework; name = Foundation.framework; path = System/Library/Frameworks/Foundation.framework; sourceTree = SDKROOT; };
		5252F9D216B5B4F0005AFA8C /* Gearmaker-Info.plist */ = {isa = PBXFileReference; lastKnownFileType = text.plist.xml; path = "Gearmaker-Info.plist"; sourceTree = "<group>"; };
		5252F9D616B5B4F0005AFA8C /* main.m */ = {isa = PBXFileReference; lastKnownFileType = sourcecode.c.objc; path = main.m; sourceTree = "<group>"; };
		5252F9D816B5B4F0005AFA8C /* Gearmaker-Prefix.pch */ = {isa = PBXFileReference; lastKnownFileType = sourcecode.c.h; path = "Gearmaker-Prefix.pch"; sourceTree = "<group>"; };
		5252F9E716B5B4F0005AFA8C /* GearmakerTests.octest */ = {isa = PBXFileReference; explicitFileType = wrapper.cfbundle; includeInIndex = 0; path = GearmakerTests.octest; sourceTree = BUILT_PRODUCTS_DIR; };
		5252F9E816B5B4F0005AFA8C /* SenTestingKit.framework */ = {isa = PBXFileReference; lastKnownFileType = wrapper.framework; name = SenTestingKit.framework; path = Library/Frameworks/SenTestingKit.framework; sourceTree = DEVELOPER_DIR; };
		5252F9EF16B5B4F0005AFA8C /* GearmakerTests-Info.plist */ = {isa = PBXFileReference; lastKnownFileType = text.plist.xml; path = "GearmakerTests-Info.plist"; sourceTree = "<group>"; };
		5252F9F316B5B4F0005AFA8C /* GearmakerTests.h */ = {isa = PBXFileReference; lastKnownFileType = sourcecode.c.h; path = GearmakerTests.h; sourceTree = "<group>"; };
		5252F9F416B5B4F0005AFA8C /* GearmakerTests.m */ = {isa = PBXFileReference; lastKnownFileType = sourcecode.c.objc; path = GearmakerTests.m; sourceTree = "<group>"; };
		5252F9FE16B5B500005AFA8C /* Involute.h */ = {isa = PBXFileReference; fileEncoding = 4; lastKnownFileType = sourcecode.c.h; path = Involute.h; sourceTree = "<group>"; };
		5252F9FF16B5B500005AFA8C /* Involute.m */ = {isa = PBXFileReference; fileEncoding = 4; lastKnownFileType = sourcecode.c.objc; path = Involute.m; sourceTree = "<group>"; };
		5252FA0116B5B539005AFA8C /* TestInvolute.h */ = {isa = PBXFileReference; fileEncoding = 4; lastKnownFileType = sourcecode.c.h; path = TestInvolute.h; sourceTree = "<group>"; };
		5252FA0216B5B539005AFA8C /* TestInvolute.m */ = {isa = PBXFileReference; fileEncoding = 4; lastKnownFileType = sourcecode.c.objc; path = TestInvolute.m; sourceTree = "<group>"; };
		52653D7816BAAE53001D802F /* Gearmaker.entitlements */ = {isa = PBXFileReference; lastKnownFileType = text.xml; path = Gearmaker.entitlements; sourceTree = "<group>"; };
		52AD557F16B9C677007F0F0D /* de */ = {isa = PBXFileReference; lastKnownFileType = text.rtf; name = de; path = Gearmaker/de.lproj/Credits.rtf; sourceTree = "<group>"; };
		52AD558116B9C677007F0F0D /* de */ = {isa = PBXFileReference; lastKnownFileType = text.plist.strings; name = de; path = Gearmaker/de.lproj/InfoPlist.strings; sourceTree = "<group>"; };
		52C86CEE16B69E3E00693748 /* Gear.h */ = {isa = PBXFileReference; fileEncoding = 4; lastKnownFileType = sourcecode.c.h; path = Gear.h; sourceTree = "<group>"; };
		52C86CEF16B69E3E00693748 /* Gear.m */ = {isa = PBXFileReference; fileEncoding = 4; lastKnownFileType = sourcecode.c.objc; path = Gear.m; sourceTree = "<group>"; };
		52C86CF216B69F9E00693748 /* TestGear.h */ = {isa = PBXFileReference; fileEncoding = 4; lastKnownFileType = sourcecode.c.h; path = TestGear.h; sourceTree = "<group>"; };
		52C86CF316B69F9E00693748 /* TestGear.m */ = {isa = PBXFileReference; fileEncoding = 4; lastKnownFileType = sourcecode.c.objc; path = TestGear.m; sourceTree = "<group>"; };
		52C86CFB16B70B7800693748 /* NSArray+Map.h */ = {isa = PBXFileReference; fileEncoding = 4; lastKnownFileType = sourcecode.c.h; path = "NSArray+Map.h"; sourceTree = "<group>"; };
		52C86CFC16B70B7800693748 /* NSArray+Map.m */ = {isa = PBXFileReference; fileEncoding = 4; lastKnownFileType = sourcecode.c.objc; path = "NSArray+Map.m"; sourceTree = "<group>"; };
		52C86CFE16B70F8A00693748 /* GearView.h */ = {isa = PBXFileReference; fileEncoding = 4; lastKnownFileType = sourcecode.c.h; path = GearView.h; sourceTree = "<group>"; };
		52C86CFF16B70F8A00693748 /* GearView.m */ = {isa = PBXFileReference; fileEncoding = 4; lastKnownFileType = sourcecode.c.objc; path = GearView.m; sourceTree = "<group>"; };
		52C86D0116B71A1F00693748 /* Gear3D.h */ = {isa = PBXFileReference; fileEncoding = 4; lastKnownFileType = sourcecode.c.h; path = Gear3D.h; sourceTree = "<group>"; };
		52C86D0216B71A1F00693748 /* Gear3D.m */ = {isa = PBXFileReference; fileEncoding = 4; lastKnownFileType = sourcecode.c.objc; path = Gear3D.m; sourceTree = "<group>"; };
		52E488B3171DA2A000ED6DC9 /* Gear3D+ColladaExport.h */ = {isa = PBXFileReference; fileEncoding = 4; lastKnownFileType = sourcecode.c.h; path = "Gear3D+ColladaExport.h"; sourceTree = "<group>"; };
		52E488B4171DA2A000ED6DC9 /* Gear3D+ColladaExport.m */ = {isa = PBXFileReference; fileEncoding = 4; lastKnownFileType = sourcecode.c.objc; path = "Gear3D+ColladaExport.m"; sourceTree = "<group>"; };
		52E488B9171DEA3400ED6DC9 /* NSXMLElement+SimplifiedCreation.h */ = {isa = PBXFileReference; fileEncoding = 4; lastKnownFileType = sourcecode.c.h; path = "NSXMLElement+SimplifiedCreation.h"; sourceTree = "<group>"; };
		52E488BA171DEA3400ED6DC9 /* NSXMLElement+SimplifiedCreation.m */ = {isa = PBXFileReference; fileEncoding = 4; lastKnownFileType = sourcecode.c.objc; path = "NSXMLElement+SimplifiedCreation.m"; sourceTree = "<group>"; };
		52E488BC171DF38400ED6DC9 /* ExportViewController.h */ = {isa = PBXFileReference; fileEncoding = 4; lastKnownFileType = sourcecode.c.h; path = ExportViewController.h; sourceTree = "<group>"; };
		52E488BD171DF38400ED6DC9 /* ExportViewController.m */ = {isa = PBXFileReference; fileEncoding = 4; lastKnownFileType = sourcecode.c.objc; path = ExportViewController.m; sourceTree = "<group>"; };
		52E488C1171DF3B500ED6DC9 /* Base */ = {isa = PBXFileReference; lastKnownFileType = file.xib; name = Base; path = Base.lproj/MainMenu.xib; sourceTree = "<group>"; };
		52E488C3171DF3BF00ED6DC9 /* de */ = {isa = PBXFileReference; lastKnownFileType = text.plist.strings; name = de; path = de.lproj/MainMenu.strings; sourceTree = "<group>"; };
		52E488C7171DF3E200ED6DC9 /* Base */ = {isa = PBXFileReference; lastKnownFileType = file.xib; name = Base; path = Base.lproj/ExportViewController.xib; sourceTree = "<group>"; };
		52E488C8171DF3E700ED6DC9 /* de */ = {isa = PBXFileReference; lastKnownFileType = text.plist.strings; name = de; path = de.lproj/ExportViewController.strings; sourceTree = "<group>"; };
		52E488CF171DFC3C00ED6DC9 /* GearDocument.h */ = {isa = PBXFileReference; fileEncoding = 4; lastKnownFileType = sourcecode.c.h; path = GearDocument.h; sourceTree = "<group>"; };
		52E488D0171DFC3D00ED6DC9 /* GearDocument.m */ = {isa = PBXFileReference; fileEncoding = 4; lastKnownFileType = sourcecode.c.objc; path = GearDocument.m; sourceTree = "<group>"; };
		52E488D1171DFC3D00ED6DC9 /* GearDocument.xib */ = {isa = PBXFileReference; fileEncoding = 4; lastKnownFileType = file.xib; path = GearDocument.xib; sourceTree = "<group>"; };
/* End PBXFileReference section */

/* Begin PBXFrameworksBuildPhase section */
		5252F9C316B5B4F0005AFA8C /* Frameworks */ = {
			isa = PBXFrameworksBuildPhase;
			buildActionMask = 2147483647;
			files = (
				5252F9CB16B5B4F0005AFA8C /* Cocoa.framework in Frameworks */,
			);
			runOnlyForDeploymentPostprocessing = 0;
		};
		5252F9E316B5B4F0005AFA8C /* Frameworks */ = {
			isa = PBXFrameworksBuildPhase;
			buildActionMask = 2147483647;
			files = (
				5252F9E916B5B4F0005AFA8C /* SenTestingKit.framework in Frameworks */,
				5252F9EA16B5B4F0005AFA8C /* Cocoa.framework in Frameworks */,
			);
			runOnlyForDeploymentPostprocessing = 0;
		};
/* End PBXFrameworksBuildPhase section */

/* Begin PBXGroup section */
		5252F9BB16B5B4F0005AFA8C = {
			isa = PBXGroup;
			children = (
				5252F9D016B5B4F0005AFA8C /* Gearmaker */,
				5252F9ED16B5B4F0005AFA8C /* GearmakerTests */,
				5252F9C916B5B4F0005AFA8C /* Frameworks */,
				5252F9C716B5B4F0005AFA8C /* Products */,
			);
			sourceTree = "<group>";
		};
		5252F9C716B5B4F0005AFA8C /* Products */ = {
			isa = PBXGroup;
			children = (
				5252F9C616B5B4F0005AFA8C /* Gearmaker.app */,
				5252F9E716B5B4F0005AFA8C /* GearmakerTests.octest */,
			);
			name = Products;
			sourceTree = "<group>";
		};
		5252F9C916B5B4F0005AFA8C /* Frameworks */ = {
			isa = PBXGroup;
			children = (
				5252F9CA16B5B4F0005AFA8C /* Cocoa.framework */,
				5252F9E816B5B4F0005AFA8C /* SenTestingKit.framework */,
				5252F9CC16B5B4F0005AFA8C /* Other Frameworks */,
			);
			name = Frameworks;
			sourceTree = "<group>";
		};
		5252F9CC16B5B4F0005AFA8C /* Other Frameworks */ = {
			isa = PBXGroup;
			children = (
				5252F9CD16B5B4F0005AFA8C /* AppKit.framework */,
				5252F9CE16B5B4F0005AFA8C /* CoreData.framework */,
				5252F9CF16B5B4F0005AFA8C /* Foundation.framework */,
			);
			name = "Other Frameworks";
			sourceTree = "<group>";
		};
		5252F9D016B5B4F0005AFA8C /* Gearmaker */ = {
			isa = PBXGroup;
			children = (
				52653D7816BAAE53001D802F /* Gearmaker.entitlements */,
				52C86CFB16B70B7800693748 /* NSArray+Map.h */,
				52C86CFC16B70B7800693748 /* NSArray+Map.m */,
				52AD558616B9C681007F0F0D /* MainMenu.xib */,
				5252F9D116B5B4F0005AFA8C /* Supporting Files */,
				5252F9FE16B5B500005AFA8C /* Involute.h */,
				5252F9FF16B5B500005AFA8C /* Involute.m */,
				52C86CEE16B69E3E00693748 /* Gear.h */,
				52C86CEF16B69E3E00693748 /* Gear.m */,
				52C86CFE16B70F8A00693748 /* GearView.h */,
				52C86CFF16B70F8A00693748 /* GearView.m */,
				52C86D0116B71A1F00693748 /* Gear3D.h */,
				52C86D0216B71A1F00693748 /* Gear3D.m */,
				52E488B3171DA2A000ED6DC9 /* Gear3D+ColladaExport.h */,
				52E488B4171DA2A000ED6DC9 /* Gear3D+ColladaExport.m */,
				52E488B9171DEA3400ED6DC9 /* NSXMLElement+SimplifiedCreation.h */,
				52E488BA171DEA3400ED6DC9 /* NSXMLElement+SimplifiedCreation.m */,
				52E488BC171DF38400ED6DC9 /* ExportViewController.h */,
				52E488BD171DF38400ED6DC9 /* ExportViewController.m */,
				52E488C6171DF3DE00ED6DC9 /* ExportViewController.xib */,
				52E488CF171DFC3C00ED6DC9 /* GearDocument.h */,
				52E488D0171DFC3D00ED6DC9 /* GearDocument.m */,
				52E488D1171DFC3D00ED6DC9 /* GearDocument.xib */,
				520ED80A171F439100BB4B23 /* Gear+ExportAsPDF.h */,
				520ED80B171F439100BB4B23 /* Gear+ExportAsPDF.m */,
			);
			path = Gearmaker;
			sourceTree = "<group>";
		};
		5252F9D116B5B4F0005AFA8C /* Supporting Files */ = {
			isa = PBXGroup;
			children = (
				5252F9D216B5B4F0005AFA8C /* Gearmaker-Info.plist */,
				52AD557E16B9C677007F0F0D /* Credits.rtf */,
				52AD558016B9C677007F0F0D /* InfoPlist.strings */,
				5252F9D616B5B4F0005AFA8C /* main.m */,
				5252F9D816B5B4F0005AFA8C /* Gearmaker-Prefix.pch */,
			);
			name = "Supporting Files";
			sourceTree = "<group>";
		};
		5252F9ED16B5B4F0005AFA8C /* GearmakerTests */ = {
			isa = PBXGroup;
			children = (
				5252F9F316B5B4F0005AFA8C /* GearmakerTests.h */,
				5252F9F416B5B4F0005AFA8C /* GearmakerTests.m */,
				5252F9EE16B5B4F0005AFA8C /* Supporting Files */,
				5252FA0116B5B539005AFA8C /* TestInvolute.h */,
				5252FA0216B5B539005AFA8C /* TestInvolute.m */,
				52C86CF216B69F9E00693748 /* TestGear.h */,
				52C86CF316B69F9E00693748 /* TestGear.m */,
			);
			path = GearmakerTests;
			sourceTree = "<group>";
		};
		5252F9EE16B5B4F0005AFA8C /* Supporting Files */ = {
			isa = PBXGroup;
			children = (
				5252F9EF16B5B4F0005AFA8C /* GearmakerTests-Info.plist */,
			);
			name = "Supporting Files";
			sourceTree = "<group>";
		};
/* End PBXGroup section */

/* Begin PBXNativeTarget section */
		5252F9C516B5B4F0005AFA8C /* Gearmaker */ = {
			isa = PBXNativeTarget;
			buildConfigurationList = 5252F9F816B5B4F0005AFA8C /* Build configuration list for PBXNativeTarget "Gearmaker" */;
			buildPhases = (
				5252F9C216B5B4F0005AFA8C /* Sources */,
				5252F9C316B5B4F0005AFA8C /* Frameworks */,
				5252F9C416B5B4F0005AFA8C /* Resources */,
			);
			buildRules = (
			);
			dependencies = (
			);
			name = Gearmaker;
			productName = Gearmaker;
			productReference = 5252F9C616B5B4F0005AFA8C /* Gearmaker.app */;
			productType = "com.apple.product-type.application";
		};
		5252F9E616B5B4F0005AFA8C /* GearmakerTests */ = {
			isa = PBXNativeTarget;
			buildConfigurationList = 5252F9FB16B5B4F0005AFA8C /* Build configuration list for PBXNativeTarget "GearmakerTests" */;
			buildPhases = (
				5252F9E216B5B4F0005AFA8C /* Sources */,
				5252F9E316B5B4F0005AFA8C /* Frameworks */,
				5252F9E416B5B4F0005AFA8C /* Resources */,
				5252F9E516B5B4F0005AFA8C /* ShellScript */,
			);
			buildRules = (
			);
			dependencies = (
				5252F9EC16B5B4F0005AFA8C /* PBXTargetDependency */,
			);
			name = GearmakerTests;
			productName = GearmakerTests;
			productReference = 5252F9E716B5B4F0005AFA8C /* GearmakerTests.octest */;
			productType = "com.apple.product-type.bundle";
		};
/* End PBXNativeTarget section */

/* Begin PBXProject section */
		5252F9BD16B5B4F0005AFA8C /* Project object */ = {
			isa = PBXProject;
			attributes = {
				LastUpgradeCheck = 0450;
				ORGANIZATIONNAME = "Torsten Kammer";
			};
			buildConfigurationList = 5252F9C016B5B4F0005AFA8C /* Build configuration list for PBXProject "Gearmaker" */;
			compatibilityVersion = "Xcode 3.2";
			developmentRegion = English;
			hasScannedForEncodings = 0;
			knownRegions = (
				en,
				de,
				Base,
			);
			mainGroup = 5252F9BB16B5B4F0005AFA8C;
			productRefGroup = 5252F9C716B5B4F0005AFA8C /* Products */;
			projectDirPath = "";
			projectRoot = "";
			targets = (
				5252F9C516B5B4F0005AFA8C /* Gearmaker */,
				5252F9E616B5B4F0005AFA8C /* GearmakerTests */,
			);
		};
/* End PBXProject section */

/* Begin PBXResourcesBuildPhase section */
		5252F9C416B5B4F0005AFA8C /* Resources */ = {
			isa = PBXResourcesBuildPhase;
			buildActionMask = 2147483647;
			files = (
				52E488C9171DF89600ED6DC9 /* ExportViewController.xib in Resources */,
				52E488CA171DF89900ED6DC9 /* MainMenu.xib in Resources */,
				52E488CC171DF8A100ED6DC9 /* Credits.rtf in Resources */,
				52E488CB171DF89E00ED6DC9 /* InfoPlist.strings in Resources */,
				52E488D3171DFC3D00ED6DC9 /* GearDocument.xib in Resources */,
			);
			runOnlyForDeploymentPostprocessing = 0;
		};
		5252F9E416B5B4F0005AFA8C /* Resources */ = {
			isa = PBXResourcesBuildPhase;
			buildActionMask = 2147483647;
			files = (
			);
			runOnlyForDeploymentPostprocessing = 0;
		};
/* End PBXResourcesBuildPhase section */

/* Begin PBXShellScriptBuildPhase section */
		5252F9E516B5B4F0005AFA8C /* ShellScript */ = {
			isa = PBXShellScriptBuildPhase;
			buildActionMask = 2147483647;
			files = (
			);
			inputPaths = (
			);
			outputPaths = (
			);
			runOnlyForDeploymentPostprocessing = 0;
			shellPath = /bin/sh;
			shellScript = "# Run the unit tests in this test bundle.\n\"${SYSTEM_DEVELOPER_DIR}/Tools/RunUnitTests\"\n";
		};
/* End PBXShellScriptBuildPhase section */

/* Begin PBXSourcesBuildPhase section */
		5252F9C216B5B4F0005AFA8C /* Sources */ = {
			isa = PBXSourcesBuildPhase;
			buildActionMask = 2147483647;
			files = (
				5252F9D716B5B4F0005AFA8C /* main.m in Sources */,
				5252FA0016B5B500005AFA8C /* Involute.m in Sources */,
				52C86CF016B69E3E00693748 /* Gear.m in Sources */,
				52C86CFD16B70B7800693748 /* NSArray+Map.m in Sources */,
				52C86D0016B70F8A00693748 /* GearView.m in Sources */,
				52C86D0316B71A1F00693748 /* Gear3D.m in Sources */,
				52E488B5171DA2A000ED6DC9 /* Gear3D+ColladaExport.m in Sources */,
				52E488BB171DEA3400ED6DC9 /* NSXMLElement+SimplifiedCreation.m in Sources */,
				52E488BF171DF38400ED6DC9 /* ExportViewController.m in Sources */,
				52E488D2171DFC3D00ED6DC9 /* GearDocument.m in Sources */,
				520ED80C171F439100BB4B23 /* Gear+ExportAsPDF.m in Sources */,
			);
			runOnlyForDeploymentPostprocessing = 0;
		};
		5252F9E216B5B4F0005AFA8C /* Sources */ = {
			isa = PBXSourcesBuildPhase;
			buildActionMask = 2147483647;
			files = (
				5252F9F516B5B4F0005AFA8C /* GearmakerTests.m in Sources */,
				5252FA0316B5B539005AFA8C /* TestInvolute.m in Sources */,
				52C86CF416B69F9E00693748 /* TestGear.m in Sources */,
			);
			runOnlyForDeploymentPostprocessing = 0;
		};
/* End PBXSourcesBuildPhase section */

/* Begin PBXTargetDependency section */
		5252F9EC16B5B4F0005AFA8C /* PBXTargetDependency */ = {
			isa = PBXTargetDependency;
			target = 5252F9C516B5B4F0005AFA8C /* Gearmaker */;
			targetProxy = 5252F9EB16B5B4F0005AFA8C /* PBXContainerItemProxy */;
		};
/* End PBXTargetDependency section */

/* Begin PBXVariantGroup section */
		52AD557E16B9C677007F0F0D /* Credits.rtf */ = {
			isa = PBXVariantGroup;
			children = (
				52AD557F16B9C677007F0F0D /* de */,
			);
			name = Credits.rtf;
			path = ..;
			sourceTree = "<group>";
		};
		52AD558016B9C677007F0F0D /* InfoPlist.strings */ = {
			isa = PBXVariantGroup;
			children = (
				52AD558116B9C677007F0F0D /* de */,
			);
			name = InfoPlist.strings;
			path = ..;
			sourceTree = "<group>";
		};
		52AD558616B9C681007F0F0D /* MainMenu.xib */ = {
			isa = PBXVariantGroup;
			children = (
				52E488C1171DF3B500ED6DC9 /* Base */,
				52E488C3171DF3BF00ED6DC9 /* de */,
			);
			name = MainMenu.xib;
			sourceTree = "<group>";
		};
		52E488C6171DF3DE00ED6DC9 /* ExportViewController.xib */ = {
			isa = PBXVariantGroup;
			children = (
				52E488C7171DF3E200ED6DC9 /* Base */,
				52E488C8171DF3E700ED6DC9 /* de */,
			);
			name = ExportViewController.xib;
			sourceTree = "<group>";
		};
/* End PBXVariantGroup section */

/* Begin XCBuildConfiguration section */
		5252F9F616B5B4F0005AFA8C /* Debug */ = {
			isa = XCBuildConfiguration;
			buildSettings = {
				ALWAYS_SEARCH_USER_PATHS = NO;
				ARCHS = "$(ARCHS_STANDARD_64_BIT)";
				CLANG_CXX_LANGUAGE_STANDARD = "gnu++0x";
				CLANG_CXX_LIBRARY = "libc++";
				CLANG_ENABLE_OBJC_ARC = YES;
				CLANG_WARN_EMPTY_BODY = YES;
				CLANG_WARN__DUPLICATE_METHOD_MATCH = YES;
				CODE_SIGN_IDENTITY = "Developer ID Application: Torsten Kammer";
				COPY_PHASE_STRIP = NO;
				GCC_C_LANGUAGE_STANDARD = gnu99;
				GCC_DYNAMIC_NO_PIC = NO;
				GCC_ENABLE_OBJC_EXCEPTIONS = YES;
				GCC_OPTIMIZATION_LEVEL = 0;
				GCC_PREPROCESSOR_DEFINITIONS = (
					"DEBUG=1",
					"$(inherited)",
				);
				GCC_SYMBOLS_PRIVATE_EXTERN = NO;
				GCC_TREAT_WARNINGS_AS_ERRORS = YES;
				GCC_WARN_64_TO_32_BIT_CONVERSION = YES;
				GCC_WARN_ABOUT_RETURN_TYPE = YES;
				GCC_WARN_PEDANTIC = YES;
				GCC_WARN_UNINITIALIZED_AUTOS = YES;
				GCC_WARN_UNUSED_VARIABLE = YES;
				MACOSX_DEPLOYMENT_TARGET = 10.8;
				ONLY_ACTIVE_ARCH = YES;
				PROVISIONING_PROFILE = "";
				SDKROOT = macosx;
				WARNING_CFLAGS = "-Wall";
			};
			name = Debug;
		};
		5252F9F716B5B4F0005AFA8C /* Release */ = {
			isa = XCBuildConfiguration;
			buildSettings = {
				ALWAYS_SEARCH_USER_PATHS = NO;
				ARCHS = "$(ARCHS_STANDARD_64_BIT)";
				CLANG_CXX_LANGUAGE_STANDARD = "gnu++0x";
				CLANG_CXX_LIBRARY = "libc++";
				CLANG_ENABLE_OBJC_ARC = YES;
				CLANG_WARN_EMPTY_BODY = YES;
				CLANG_WARN__DUPLICATE_METHOD_MATCH = YES;
				CODE_SIGN_IDENTITY = "Developer ID Application: Torsten Kammer";
				COPY_PHASE_STRIP = YES;
				DEBUG_INFORMATION_FORMAT = "dwarf-with-dsym";
				GCC_C_LANGUAGE_STANDARD = gnu99;
				GCC_ENABLE_OBJC_EXCEPTIONS = YES;
				GCC_TREAT_WARNINGS_AS_ERRORS = YES;
				GCC_WARN_64_TO_32_BIT_CONVERSION = YES;
				GCC_WARN_ABOUT_RETURN_TYPE = YES;
				GCC_WARN_PEDANTIC = YES;
				GCC_WARN_UNINITIALIZED_AUTOS = YES;
				GCC_WARN_UNUSED_VARIABLE = YES;
				MACOSX_DEPLOYMENT_TARGET = 10.8;
				PROVISIONING_PROFILE = "";
				SDKROOT = macosx;
				WARNING_CFLAGS = "-Wall";
			};
			name = Release;
		};
		5252F9F916B5B4F0005AFA8C /* Debug */ = {
			isa = XCBuildConfiguration;
			buildSettings = {
				CODE_SIGN_ENTITLEMENTS = Gearmaker/Gearmaker.entitlements;
				CODE_SIGN_IDENTITY = "";
				COMBINE_HIDPI_IMAGES = YES;
				GCC_PRECOMPILE_PREFIX_HEADER = YES;
				GCC_PREFIX_HEADER = "Gearmaker/Gearmaker-Prefix.pch";
				INFOPLIST_FILE = "Gearmaker/Gearmaker-Info.plist";
				PRODUCT_NAME = "$(TARGET_NAME)";
				WRAPPER_EXTENSION = app;
			};
			name = Debug;
		};
		5252F9FA16B5B4F0005AFA8C /* Release */ = {
			isa = XCBuildConfiguration;
			buildSettings = {
				CODE_SIGN_ENTITLEMENTS = Gearmaker/Gearmaker.entitlements;
				CODE_SIGN_IDENTITY = "";
				COMBINE_HIDPI_IMAGES = YES;
				GCC_PRECOMPILE_PREFIX_HEADER = YES;
				GCC_PREFIX_HEADER = "Gearmaker/Gearmaker-Prefix.pch";
				INFOPLIST_FILE = "Gearmaker/Gearmaker-Info.plist";
				PRODUCT_NAME = "$(TARGET_NAME)";
				WRAPPER_EXTENSION = app;
			};
			name = Release;
		};
		5252F9FC16B5B4F0005AFA8C /* Debug */ = {
			isa = XCBuildConfiguration;
			buildSettings = {
				BUNDLE_LOADER = "$(BUILT_PRODUCTS_DIR)/Gearmaker.app/Contents/MacOS/Gearmaker";
				COMBINE_HIDPI_IMAGES = YES;
				FRAMEWORK_SEARCH_PATHS = "\"$(DEVELOPER_LIBRARY_DIR)/Frameworks\"";
				GCC_PRECOMPILE_PREFIX_HEADER = YES;
				GCC_PREFIX_HEADER = "Gearmaker/Gearmaker-Prefix.pch";
				INFOPLIST_FILE = "GearmakerTests/GearmakerTests-Info.plist";
				PRODUCT_NAME = "$(TARGET_NAME)";
				TEST_HOST = "$(BUNDLE_LOADER)";
				WRAPPER_EXTENSION = octest;
			};
			name = Debug;
		};
		5252F9FD16B5B4F0005AFA8C /* Release */ = {
			isa = XCBuildConfiguration;
			buildSettings = {
				BUNDLE_LOADER = "$(BUILT_PRODUCTS_DIR)/Gearmaker.app/Contents/MacOS/Gearmaker";
				COMBINE_HIDPI_IMAGES = YES;
				FRAMEWORK_SEARCH_PATHS = "\"$(DEVELOPER_LIBRARY_DIR)/Frameworks\"";
				GCC_PRECOMPILE_PREFIX_HEADER = YES;
				GCC_PREFIX_HEADER = "Gearmaker/Gearmaker-Prefix.pch";
				INFOPLIST_FILE = "GearmakerTests/GearmakerTests-Info.plist";
				PRODUCT_NAME = "$(TARGET_NAME)";
				TEST_HOST = "$(BUNDLE_LOADER)";
				WRAPPER_EXTENSION = octest;
			};
			name = Release;
		};
/* End XCBuildConfiguration section */

/* Begin XCConfigurationList section */
		5252F9C016B5B4F0005AFA8C /* Build configuration list for PBXProject "Gearmaker" */ = {
			isa = XCConfigurationList;
			buildConfigurations = (
				5252F9F616B5B4F0005AFA8C /* Debug */,
				5252F9F716B5B4F0005AFA8C /* Release */,
			);
			defaultConfigurationIsVisible = 0;
			defaultConfigurationName = Release;
		};
		5252F9F816B5B4F0005AFA8C /* Build configuration list for PBXNativeTarget "Gearmaker" */ = {
			isa = XCConfigurationList;
			buildConfigurations = (
				5252F9F916B5B4F0005AFA8C /* Debug */,
				5252F9FA16B5B4F0005AFA8C /* Release */,
			);
			defaultConfigurationIsVisible = 0;
			defaultConfigurationName = Release;
		};
		5252F9FB16B5B4F0005AFA8C /* Build configuration list for PBXNativeTarget "GearmakerTests" */ = {
			isa = XCConfigurationList;
			buildConfigurations = (
				5252F9FC16B5B4F0005AFA8C /* Debug */,
				5252F9FD16B5B4F0005AFA8C /* Release */,
			);
			defaultConfigurationIsVisible = 0;
			defaultConfigurationName = Release;
		};
/* End XCConfigurationList section */
	};
	rootObject = 5252F9BD16B5B4F0005AFA8C /* Project object */;
}
