// !$*UTF8*$!
{
	archiveVersion = 1;
	classes = {
	};
	objectVersion = 46;
	objects = {

/* Begin PBXBuildFile section */
		52379CAC17227FB8006FC1E3 /* QuickLook.framework in Frameworks */ = {isa = PBXBuildFile; fileRef = 52379CAB17227FB8006FC1E3 /* QuickLook.framework */; };
		52379CAE17227FB8006FC1E3 /* ApplicationServices.framework in Frameworks */ = {isa = PBXBuildFile; fileRef = 52379CAD17227FB8006FC1E3 /* ApplicationServices.framework */; };
		52379CB017227FB8006FC1E3 /* CoreServices.framework in Frameworks */ = {isa = PBXBuildFile; fileRef = 52379CAF17227FB8006FC1E3 /* CoreServices.framework */; };
		52379CB217227FB8006FC1E3 /* CoreFoundation.framework in Frameworks */ = {isa = PBXBuildFile; fileRef = 52379CB117227FB8006FC1E3 /* CoreFoundation.framework */; };
		52379CB817227FB8006FC1E3 /* InfoPlist.strings in Resources */ = {isa = PBXBuildFile; fileRef = 52379CB617227FB8006FC1E3 /* InfoPlist.strings */; };
		52379CBA17227FB8006FC1E3 /* GenerateThumbnailForURL.c in Sources */ = {isa = PBXBuildFile; fileRef = 52379CB917227FB8006FC1E3 /* GenerateThumbnailForURL.c */; };
		52379CBC17227FB8006FC1E3 /* GeneratePreviewForURL.c in Sources */ = {isa = PBXBuildFile; fileRef = 52379CBB17227FB8006FC1E3 /* GeneratePreviewForURL.c */; };
		52379CBE17227FB8006FC1E3 /* main.c in Sources */ = {isa = PBXBuildFile; fileRef = 52379CBD17227FB8006FC1E3 /* main.c */; };
		52379CC717228084006FC1E3 /* QLPlugin.qlgenerator in CopyFiles */ = {isa = PBXBuildFile; fileRef = 52379CAA17227FB7006FC1E3 /* QLPlugin.qlgenerator */; settings = {ATTRIBUTES = (CodeSignOnCopy, ); }; };
		52379CCA172281E7006FC1E3 /* GenerateGearImage.h in Headers */ = {isa = PBXBuildFile; fileRef = 52379CC8172281E7006FC1E3 /* GenerateGearImage.h */; };
		52379CCB172281E7006FC1E3 /* GenerateGearImage.m in Sources */ = {isa = PBXBuildFile; fileRef = 52379CC9172281E7006FC1E3 /* GenerateGearImage.m */; };
		52379CCE172282C6006FC1E3 /* Involute.m in Sources */ = {isa = PBXBuildFile; fileRef = 5252F9FF16B5B500005AFA8C /* Involute.m */; };
		52379CCF172282C6006FC1E3 /* Gear.m in Sources */ = {isa = PBXBuildFile; fileRef = 52C86CEF16B69E3E00693748 /* Gear.m */; };
		52379CD0172287D1006FC1E3 /* NSArray+Map.m in Sources */ = {isa = PBXBuildFile; fileRef = 52C86CFC16B70B7800693748 /* NSArray+Map.m */; };
		5252F9CB16B5B4F0005AFA8C /* Cocoa.framework in Frameworks */ = {isa = PBXBuildFile; fileRef = 5252F9CA16B5B4F0005AFA8C /* Cocoa.framework */; };
		5252F9D716B5B4F0005AFA8C /* main.m in Sources */ = {isa = PBXBuildFile; fileRef = 5252F9D616B5B4F0005AFA8C /* main.m */; };
		5252FA0016B5B500005AFA8C /* Involute.m in Sources */ = {isa = PBXBuildFile; fileRef = 5252F9FF16B5B500005AFA8C /* Involute.m */; };
		526EFB70172206E30066D22A /* geardoc.iconset in Resources */ = {isa = PBXBuildFile; fileRef = 526EFB6F172206E30066D22A /* geardoc.iconset */; };
		52846599172155060018C3E7 /* icon.iconset in Resources */ = {isa = PBXBuildFile; fileRef = 52846598172155060018C3E7 /* icon.iconset */; };
		528465A9172161430018C3E7 /* InfoPlist.strings in Resources */ = {isa = PBXBuildFile; fileRef = 52AD558016B9C677007F0F0D /* InfoPlist.strings */; };
		528465AA172161480018C3E7 /* GearDocument.xib in Resources */ = {isa = PBXBuildFile; fileRef = 5284659C1721589D0018C3E7 /* GearDocument.xib */; };
		528465AB1721614E0018C3E7 /* ExportViewController.xib in Resources */ = {isa = PBXBuildFile; fileRef = 52E488C6171DF3DE00ED6DC9 /* ExportViewController.xib */; };
		52C37C8824B6560100E8D4DA /* Gear+ExportAsSVG.m in Sources */ = {isa = PBXBuildFile; fileRef = 52C37C8324B64F3200E8D4DA /* Gear+ExportAsSVG.m */; };
		52C37CA024B7776B00E8D4DA /* TestInvolute.m in Sources */ = {isa = PBXBuildFile; fileRef = 5252FA0216B5B539005AFA8C /* TestInvolute.m */; };
		52C37CA124B7776B00E8D4DA /* TestGear.m in Sources */ = {isa = PBXBuildFile; fileRef = 52C86CF316B69F9E00693748 /* TestGear.m */; };
		52C86CF016B69E3E00693748 /* Gear.m in Sources */ = {isa = PBXBuildFile; fileRef = 52C86CEF16B69E3E00693748 /* Gear.m */; };
		52C86CFD16B70B7800693748 /* NSArray+Map.m in Sources */ = {isa = PBXBuildFile; fileRef = 52C86CFC16B70B7800693748 /* NSArray+Map.m */; };
		52C86D0016B70F8A00693748 /* GearView.m in Sources */ = {isa = PBXBuildFile; fileRef = 52C86CFF16B70F8A00693748 /* GearView.m */; };
		52C86D0316B71A1F00693748 /* Gear3D.m in Sources */ = {isa = PBXBuildFile; fileRef = 52C86D0216B71A1F00693748 /* Gear3D.m */; };
		52E488B5171DA2A000ED6DC9 /* Gear3D+ColladaExport.m in Sources */ = {isa = PBXBuildFile; fileRef = 52E488B4171DA2A000ED6DC9 /* Gear3D+ColladaExport.m */; };
		52E488BB171DEA3400ED6DC9 /* NSXMLElement+SimplifiedCreation.m in Sources */ = {isa = PBXBuildFile; fileRef = 52E488BA171DEA3400ED6DC9 /* NSXMLElement+SimplifiedCreation.m */; };
		52E488BF171DF38400ED6DC9 /* ExportViewController.m in Sources */ = {isa = PBXBuildFile; fileRef = 52E488BD171DF38400ED6DC9 /* ExportViewController.m */; };
		52E488CA171DF89900ED6DC9 /* MainMenu.xib in Resources */ = {isa = PBXBuildFile; fileRef = 52AD558616B9C681007F0F0D /* MainMenu.xib */; };
		52E488CC171DF8A100ED6DC9 /* Credits.rtf in Resources */ = {isa = PBXBuildFile; fileRef = 52AD557E16B9C677007F0F0D /* Credits.rtf */; };
		52E488D2171DFC3D00ED6DC9 /* GearDocument.m in Sources */ = {isa = PBXBuildFile; fileRef = 52E488D0171DFC3D00ED6DC9 /* GearDocument.m */; };
		52E99F351758B0BC0087BC06 /* GenerateGearImage.m in Sources */ = {isa = PBXBuildFile; fileRef = 52379CC9172281E7006FC1E3 /* GenerateGearImage.m */; };
		52E99F361758B12D0087BC06 /* Gear+ExportAsPDF.m in Sources */ = {isa = PBXBuildFile; fileRef = 520ED80B171F439100BB4B23 /* Gear+ExportAsPDF.m */; };
/* End PBXBuildFile section */

/* Begin PBXContainerItemProxy section */
		52C37C9B24B7775E00E8D4DA /* PBXContainerItemProxy */ = {
			isa = PBXContainerItemProxy;
			containerPortal = 5252F9BD16B5B4F0005AFA8C /* Project object */;
			proxyType = 1;
			remoteGlobalIDString = 5252F9C516B5B4F0005AFA8C;
			remoteInfo = Gearmaker;
		};
/* End PBXContainerItemProxy section */

/* Begin PBXCopyFilesBuildPhase section */
		52379CC617228066006FC1E3 /* CopyFiles */ = {
			isa = PBXCopyFilesBuildPhase;
			buildActionMask = 2147483647;
			dstPath = ../Library/QuickLook;
			dstSubfolderSpec = 7;
			files = (
				52379CC717228084006FC1E3 /* QLPlugin.qlgenerator in CopyFiles */,
			);
			runOnlyForDeploymentPostprocessing = 0;
		};
/* End PBXCopyFilesBuildPhase section */

/* Begin PBXFileReference section */
		520ED80A171F439100BB4B23 /* Gear+ExportAsPDF.h */ = {isa = PBXFileReference; fileEncoding = 4; lastKnownFileType = sourcecode.c.h; path = "Gear+ExportAsPDF.h"; sourceTree = "<group>"; };
		520ED80B171F439100BB4B23 /* Gear+ExportAsPDF.m */ = {isa = PBXFileReference; fileEncoding = 4; lastKnownFileType = sourcecode.c.objc; path = "Gear+ExportAsPDF.m"; sourceTree = "<group>"; };
		52379CAA17227FB7006FC1E3 /* QLPlugin.qlgenerator */ = {isa = PBXFileReference; explicitFileType = wrapper.cfbundle; includeInIndex = 0; path = QLPlugin.qlgenerator; sourceTree = BUILT_PRODUCTS_DIR; };
		52379CAB17227FB8006FC1E3 /* QuickLook.framework */ = {isa = PBXFileReference; lastKnownFileType = wrapper.framework; name = QuickLook.framework; path = System/Library/Frameworks/QuickLook.framework; sourceTree = SDKROOT; };
		52379CAD17227FB8006FC1E3 /* ApplicationServices.framework */ = {isa = PBXFileReference; lastKnownFileType = wrapper.framework; name = ApplicationServices.framework; path = System/Library/Frameworks/ApplicationServices.framework; sourceTree = SDKROOT; };
		52379CAF17227FB8006FC1E3 /* CoreServices.framework */ = {isa = PBXFileReference; lastKnownFileType = wrapper.framework; name = CoreServices.framework; path = System/Library/Frameworks/CoreServices.framework; sourceTree = SDKROOT; };
		52379CB117227FB8006FC1E3 /* CoreFoundation.framework */ = {isa = PBXFileReference; lastKnownFileType = wrapper.framework; name = CoreFoundation.framework; path = System/Library/Frameworks/CoreFoundation.framework; sourceTree = SDKROOT; };
		52379CB517227FB8006FC1E3 /* QLPlugin-Info.plist */ = {isa = PBXFileReference; lastKnownFileType = text.plist.xml; path = "QLPlugin-Info.plist"; sourceTree = "<group>"; };
		52379CB717227FB8006FC1E3 /* en */ = {isa = PBXFileReference; lastKnownFileType = text.plist.strings; name = en; path = en.lproj/InfoPlist.strings; sourceTree = "<group>"; };
		52379CB917227FB8006FC1E3 /* GenerateThumbnailForURL.c */ = {isa = PBXFileReference; lastKnownFileType = sourcecode.c.c; path = GenerateThumbnailForURL.c; sourceTree = "<group>"; };
		52379CBB17227FB8006FC1E3 /* GeneratePreviewForURL.c */ = {isa = PBXFileReference; lastKnownFileType = sourcecode.c.c; path = GeneratePreviewForURL.c; sourceTree = "<group>"; };
		52379CBD17227FB8006FC1E3 /* main.c */ = {isa = PBXFileReference; lastKnownFileType = sourcecode.c.c; path = main.c; sourceTree = "<group>"; };
		52379CBF17227FB8006FC1E3 /* QLPlugin-Prefix.pch */ = {isa = PBXFileReference; lastKnownFileType = sourcecode.c.h; path = "QLPlugin-Prefix.pch"; sourceTree = "<group>"; };
		52379CC8172281E7006FC1E3 /* GenerateGearImage.h */ = {isa = PBXFileReference; fileEncoding = 4; lastKnownFileType = sourcecode.c.h; path = GenerateGearImage.h; sourceTree = "<group>"; };
		52379CC9172281E7006FC1E3 /* GenerateGearImage.m */ = {isa = PBXFileReference; fileEncoding = 4; lastKnownFileType = sourcecode.c.objc; path = GenerateGearImage.m; sourceTree = "<group>"; };
		5252F9C616B5B4F0005AFA8C /* Gearmaker.app */ = {isa = PBXFileReference; explicitFileType = wrapper.application; includeInIndex = 0; path = Gearmaker.app; sourceTree = BUILT_PRODUCTS_DIR; };
		5252F9CA16B5B4F0005AFA8C /* Cocoa.framework */ = {isa = PBXFileReference; lastKnownFileType = wrapper.framework; name = Cocoa.framework; path = System/Library/Frameworks/Cocoa.framework; sourceTree = SDKROOT; };
		5252F9CD16B5B4F0005AFA8C /* AppKit.framework */ = {isa = PBXFileReference; lastKnownFileType = wrapper.framework; name = AppKit.framework; path = System/Library/Frameworks/AppKit.framework; sourceTree = SDKROOT; };
		5252F9CE16B5B4F0005AFA8C /* CoreData.framework */ = {isa = PBXFileReference; lastKnownFileType = wrapper.framework; name = CoreData.framework; path = System/Library/Frameworks/CoreData.framework; sourceTree = SDKROOT; };
		5252F9CF16B5B4F0005AFA8C /* Foundation.framework */ = {isa = PBXFileReference; lastKnownFileType = wrapper.framework; name = Foundation.framework; path = System/Library/Frameworks/Foundation.framework; sourceTree = SDKROOT; };
		5252F9D216B5B4F0005AFA8C /* Gearmaker-Info.plist */ = {isa = PBXFileReference; lastKnownFileType = text.plist.xml; path = "Gearmaker-Info.plist"; sourceTree = "<group>"; };
		5252F9D616B5B4F0005AFA8C /* main.m */ = {isa = PBXFileReference; lastKnownFileType = sourcecode.c.objc; path = main.m; sourceTree = "<group>"; };
		5252F9D816B5B4F0005AFA8C /* Gearmaker-Prefix.pch */ = {isa = PBXFileReference; lastKnownFileType = sourcecode.c.h; path = "Gearmaker-Prefix.pch"; sourceTree = "<group>"; };
		5252F9E816B5B4F0005AFA8C /* SenTestingKit.framework */ = {isa = PBXFileReference; lastKnownFileType = wrapper.framework; name = SenTestingKit.framework; path = Library/Frameworks/SenTestingKit.framework; sourceTree = DEVELOPER_DIR; };
		5252F9FE16B5B500005AFA8C /* Involute.h */ = {isa = PBXFileReference; fileEncoding = 4; lastKnownFileType = sourcecode.c.h; path = Involute.h; sourceTree = "<group>"; };
		5252F9FF16B5B500005AFA8C /* Involute.m */ = {isa = PBXFileReference; fileEncoding = 4; lastKnownFileType = sourcecode.c.objc; path = Involute.m; sourceTree = "<group>"; };
		5252FA0116B5B539005AFA8C /* TestInvolute.h */ = {isa = PBXFileReference; fileEncoding = 4; lastKnownFileType = sourcecode.c.h; path = TestInvolute.h; sourceTree = "<group>"; };
		5252FA0216B5B539005AFA8C /* TestInvolute.m */ = {isa = PBXFileReference; fileEncoding = 4; lastKnownFileType = sourcecode.c.objc; path = TestInvolute.m; sourceTree = "<group>"; };
		52653D7816BAAE53001D802F /* Gearmaker.entitlements */ = {isa = PBXFileReference; lastKnownFileType = text.xml; path = Gearmaker.entitlements; sourceTree = "<group>"; };
		526EFB6F172206E30066D22A /* geardoc.iconset */ = {isa = PBXFileReference; lastKnownFileType = folder.iconset; path = geardoc.iconset; sourceTree = SOURCE_ROOT; };
		52846598172155060018C3E7 /* icon.iconset */ = {isa = PBXFileReference; lastKnownFileType = folder.iconset; path = icon.iconset; sourceTree = SOURCE_ROOT; };
		5284659D172158A20018C3E7 /* Base */ = {isa = PBXFileReference; lastKnownFileType = file.xib; name = Base; path = Base.lproj/GearDocument.xib; sourceTree = "<group>"; };
		528465A7172160860018C3E7 /* en */ = {isa = PBXFileReference; lastKnownFileType = text.rtf; name = en; path = Gearmaker/en.lproj/Credits.rtf; sourceTree = "<group>"; };
		528465A81721608A0018C3E7 /* en */ = {isa = PBXFileReference; lastKnownFileType = text.plist.strings; name = en; path = Gearmaker/en.lproj/InfoPlist.strings; sourceTree = "<group>"; };
		528465AD1721630C0018C3E7 /* en */ = {isa = PBXFileReference; lastKnownFileType = file.xib; name = en; path = en.lproj/MainMenu.xib; sourceTree = "<group>"; };
		52AD557F16B9C677007F0F0D /* de */ = {isa = PBXFileReference; lastKnownFileType = text.rtf; name = de; path = Gearmaker/de.lproj/Credits.rtf; sourceTree = "<group>"; };
		52AD558116B9C677007F0F0D /* de */ = {isa = PBXFileReference; lastKnownFileType = text.plist.strings; name = de; path = Gearmaker/de.lproj/InfoPlist.strings; sourceTree = "<group>"; };
		52C37C8224B64F2D00E8D4DA /* Gear+ExportAsSVG.h */ = {isa = PBXFileReference; lastKnownFileType = sourcecode.c.h; path = "Gear+ExportAsSVG.h"; sourceTree = "<group>"; };
		52C37C8324B64F3200E8D4DA /* Gear+ExportAsSVG.m */ = {isa = PBXFileReference; lastKnownFileType = sourcecode.c.objc; path = "Gear+ExportAsSVG.m"; sourceTree = "<group>"; };
		52C37C8524B655C300E8D4DA /* en */ = {isa = PBXFileReference; lastKnownFileType = text.plist.strings; name = en; path = en.lproj/ExportViewController.strings; sourceTree = "<group>"; };
		52C37C8724B655C600E8D4DA /* de */ = {isa = PBXFileReference; lastKnownFileType = text.plist.strings; name = de; path = de.lproj/ExportViewController.strings; sourceTree = "<group>"; };
		52C37C8924B7721000E8D4DA /* en */ = {isa = PBXFileReference; lastKnownFileType = text.plist.strings; name = en; path = en.lproj/GearDocument.strings; sourceTree = "<group>"; };
		52C37C8A24B7721400E8D4DA /* de */ = {isa = PBXFileReference; lastKnownFileType = text.plist.strings; name = de; path = de.lproj/GearDocument.strings; sourceTree = "<group>"; };
		52C37C8B24B7735600E8D4DA /* XCTest.framework */ = {isa = PBXFileReference; lastKnownFileType = wrapper.framework; name = XCTest.framework; path = Platforms/MacOSX.platform/Developer/Library/Frameworks/XCTest.framework; sourceTree = DEVELOPER_DIR; };
		52C37C9624B7775E00E8D4DA /* GearmakerTests.xctest */ = {isa = PBXFileReference; explicitFileType = wrapper.cfbundle; includeInIndex = 0; path = GearmakerTests.xctest; sourceTree = BUILT_PRODUCTS_DIR; };
		52C37C9A24B7775E00E8D4DA /* Info.plist */ = {isa = PBXFileReference; lastKnownFileType = text.plist.xml; path = Info.plist; sourceTree = "<group>"; };
		52C86CEE16B69E3E00693748 /* Gear.h */ = {isa = PBXFileReference; fileEncoding = 4; lastKnownFileType = sourcecode.c.h; path = Gear.h; sourceTree = "<group>"; };
		52C86CEF16B69E3E00693748 /* Gear.m */ = {isa = PBXFileReference; fileEncoding = 4; lastKnownFileType = sourcecode.c.objc; path = Gear.m; sourceTree = "<group>"; };
		52C86CF216B69F9E00693748 /* TestGear.h */ = {isa = PBXFileReference; fileEncoding = 4; lastKnownFileType = sourcecode.c.h; path = TestGear.h; sourceTree = "<group>"; };
		52C86CF316B69F9E00693748 /* TestGear.m */ = {isa = PBXFileReference; fileEncoding = 4; lastKnownFileType = sourcecode.c.objc; path = TestGear.m; sourceTree = "<group>"; };
		52C86CFB16B70B7800693748 /* NSArray+Map.h */ = {isa = PBXFileReference; fileEncoding = 4; lastKnownFileType = sourcecode.c.h; path = "NSArray+Map.h"; sourceTree = "<group>"; };
		52C86CFC16B70B7800693748 /* NSArray+Map.m */ = {isa = PBXFileReference; fileEncoding = 4; lastKnownFileType = sourcecode.c.objc; path = "NSArray+Map.m"; sourceTree = "<group>"; };
		52C86CFE16B70F8A00693748 /* GearView.h */ = {isa = PBXFileReference; fileEncoding = 4; lastKnownFileType = sourcecode.c.h; path = GearView.h; sourceTree = "<group>"; };
		52C86CFF16B70F8A00693748 /* GearView.m */ = {isa = PBXFileReference; fileEncoding = 4; lastKnownFileType = sourcecode.c.objc; path = GearView.m; sourceTree = "<group>"; };
		52C86D0116B71A1F00693748 /* Gear3D.h */ = {isa = PBXFileReference; fileEncoding = 4; lastKnownFileType = sourcecode.c.h; path = Gear3D.h; sourceTree = "<group>"; };
		52C86D0216B71A1F00693748 /* Gear3D.m */ = {isa = PBXFileReference; fileEncoding = 4; lastKnownFileType = sourcecode.c.objc; path = Gear3D.m; sourceTree = "<group>"; };
		52E488B3171DA2A000ED6DC9 /* Gear3D+ColladaExport.h */ = {isa = PBXFileReference; fileEncoding = 4; lastKnownFileType = sourcecode.c.h; path = "Gear3D+ColladaExport.h"; sourceTree = "<group>"; };
		52E488B4171DA2A000ED6DC9 /* Gear3D+ColladaExport.m */ = {isa = PBXFileReference; fileEncoding = 4; lastKnownFileType = sourcecode.c.objc; path = "Gear3D+ColladaExport.m"; sourceTree = "<group>"; };
		52E488B9171DEA3400ED6DC9 /* NSXMLElement+SimplifiedCreation.h */ = {isa = PBXFileReference; fileEncoding = 4; lastKnownFileType = sourcecode.c.h; path = "NSXMLElement+SimplifiedCreation.h"; sourceTree = "<group>"; };
		52E488BA171DEA3400ED6DC9 /* NSXMLElement+SimplifiedCreation.m */ = {isa = PBXFileReference; fileEncoding = 4; lastKnownFileType = sourcecode.c.objc; path = "NSXMLElement+SimplifiedCreation.m"; sourceTree = "<group>"; };
		52E488BC171DF38400ED6DC9 /* ExportViewController.h */ = {isa = PBXFileReference; fileEncoding = 4; lastKnownFileType = sourcecode.c.h; path = ExportViewController.h; sourceTree = "<group>"; };
		52E488BD171DF38400ED6DC9 /* ExportViewController.m */ = {isa = PBXFileReference; fileEncoding = 4; lastKnownFileType = sourcecode.c.objc; path = ExportViewController.m; sourceTree = "<group>"; };
		52E488C1171DF3B500ED6DC9 /* Base */ = {isa = PBXFileReference; lastKnownFileType = file.xib; name = Base; path = Base.lproj/MainMenu.xib; sourceTree = "<group>"; };
		52E488C3171DF3BF00ED6DC9 /* de */ = {isa = PBXFileReference; lastKnownFileType = text.plist.strings; name = de; path = de.lproj/MainMenu.strings; sourceTree = "<group>"; };
		52E488C7171DF3E200ED6DC9 /* Base */ = {isa = PBXFileReference; lastKnownFileType = file.xib; name = Base; path = Base.lproj/ExportViewController.xib; sourceTree = "<group>"; };
		52E488CF171DFC3C00ED6DC9 /* GearDocument.h */ = {isa = PBXFileReference; fileEncoding = 4; lastKnownFileType = sourcecode.c.h; path = GearDocument.h; sourceTree = "<group>"; };
		52E488D0171DFC3D00ED6DC9 /* GearDocument.m */ = {isa = PBXFileReference; fileEncoding = 4; lastKnownFileType = sourcecode.c.objc; path = GearDocument.m; sourceTree = "<group>"; };
/* End PBXFileReference section */

/* Begin PBXFrameworksBuildPhase section */
		52379CA517227FB7006FC1E3 /* Frameworks */ = {
			isa = PBXFrameworksBuildPhase;
			buildActionMask = 2147483647;
			files = (
				52379CAC17227FB8006FC1E3 /* QuickLook.framework in Frameworks */,
				52379CAE17227FB8006FC1E3 /* ApplicationServices.framework in Frameworks */,
				52379CB017227FB8006FC1E3 /* CoreServices.framework in Frameworks */,
				52379CB217227FB8006FC1E3 /* CoreFoundation.framework in Frameworks */,
			);
			runOnlyForDeploymentPostprocessing = 0;
		};
		5252F9C316B5B4F0005AFA8C /* Frameworks */ = {
			isa = PBXFrameworksBuildPhase;
			buildActionMask = 2147483647;
			files = (
				5252F9CB16B5B4F0005AFA8C /* Cocoa.framework in Frameworks */,
			);
			runOnlyForDeploymentPostprocessing = 0;
		};
		52C37C9324B7775E00E8D4DA /* Frameworks */ = {
			isa = PBXFrameworksBuildPhase;
			buildActionMask = 2147483647;
			files = (
			);
			runOnlyForDeploymentPostprocessing = 0;
		};
/* End PBXFrameworksBuildPhase section */

/* Begin PBXGroup section */
		52379CB317227FB8006FC1E3 /* QLPlugin */ = {
			isa = PBXGroup;
			children = (
				52379CB917227FB8006FC1E3 /* GenerateThumbnailForURL.c */,
				52379CBB17227FB8006FC1E3 /* GeneratePreviewForURL.c */,
				52379CBD17227FB8006FC1E3 /* main.c */,
				52379CB417227FB8006FC1E3 /* Supporting Files */,
				52379CC8172281E7006FC1E3 /* GenerateGearImage.h */,
				52379CC9172281E7006FC1E3 /* GenerateGearImage.m */,
			);
			path = QLPlugin;
			sourceTree = "<group>";
		};
		52379CB417227FB8006FC1E3 /* Supporting Files */ = {
			isa = PBXGroup;
			children = (
				52379CB517227FB8006FC1E3 /* QLPlugin-Info.plist */,
				52379CB617227FB8006FC1E3 /* InfoPlist.strings */,
				52379CBF17227FB8006FC1E3 /* QLPlugin-Prefix.pch */,
			);
			name = "Supporting Files";
			sourceTree = "<group>";
		};
		5252F9BB16B5B4F0005AFA8C = {
			isa = PBXGroup;
			children = (
				5252F9D016B5B4F0005AFA8C /* Gearmaker */,
				52379CB317227FB8006FC1E3 /* QLPlugin */,
				52C37C9724B7775E00E8D4DA /* GearmakerTests */,
				5252F9C916B5B4F0005AFA8C /* Frameworks */,
				5252F9C716B5B4F0005AFA8C /* Products */,
			);
			sourceTree = "<group>";
		};
		5252F9C716B5B4F0005AFA8C /* Products */ = {
			isa = PBXGroup;
			children = (
				5252F9C616B5B4F0005AFA8C /* Gearmaker.app */,
				52379CAA17227FB7006FC1E3 /* QLPlugin.qlgenerator */,
				52C37C9624B7775E00E8D4DA /* GearmakerTests.xctest */,
			);
			name = Products;
			sourceTree = "<group>";
		};
		5252F9C916B5B4F0005AFA8C /* Frameworks */ = {
			isa = PBXGroup;
			children = (
				52C37C8B24B7735600E8D4DA /* XCTest.framework */,
				5252F9CA16B5B4F0005AFA8C /* Cocoa.framework */,
				5252F9E816B5B4F0005AFA8C /* SenTestingKit.framework */,
				52379CAB17227FB8006FC1E3 /* QuickLook.framework */,
				52379CAD17227FB8006FC1E3 /* ApplicationServices.framework */,
				52379CAF17227FB8006FC1E3 /* CoreServices.framework */,
				52379CB117227FB8006FC1E3 /* CoreFoundation.framework */,
				5252F9CC16B5B4F0005AFA8C /* Other Frameworks */,
			);
			name = Frameworks;
			sourceTree = "<group>";
		};
		5252F9CC16B5B4F0005AFA8C /* Other Frameworks */ = {
			isa = PBXGroup;
			children = (
				5252F9CD16B5B4F0005AFA8C /* AppKit.framework */,
				5252F9CE16B5B4F0005AFA8C /* CoreData.framework */,
				5252F9CF16B5B4F0005AFA8C /* Foundation.framework */,
			);
			name = "Other Frameworks";
			sourceTree = "<group>";
		};
		5252F9D016B5B4F0005AFA8C /* Gearmaker */ = {
			isa = PBXGroup;
			children = (
				52C86CFB16B70B7800693748 /* NSArray+Map.h */,
				52653D7816BAAE53001D802F /* Gearmaker.entitlements */,
				52C86CFC16B70B7800693748 /* NSArray+Map.m */,
				52AD558616B9C681007F0F0D /* MainMenu.xib */,
				5252F9D116B5B4F0005AFA8C /* Supporting Files */,
				5252F9FE16B5B500005AFA8C /* Involute.h */,
				5252F9FF16B5B500005AFA8C /* Involute.m */,
				52C86CEE16B69E3E00693748 /* Gear.h */,
				52C86CEF16B69E3E00693748 /* Gear.m */,
				52C86CFE16B70F8A00693748 /* GearView.h */,
				52C86CFF16B70F8A00693748 /* GearView.m */,
				52C86D0116B71A1F00693748 /* Gear3D.h */,
				52C86D0216B71A1F00693748 /* Gear3D.m */,
				52E488B3171DA2A000ED6DC9 /* Gear3D+ColladaExport.h */,
				52E488B4171DA2A000ED6DC9 /* Gear3D+ColladaExport.m */,
				52E488B9171DEA3400ED6DC9 /* NSXMLElement+SimplifiedCreation.h */,
				52E488BA171DEA3400ED6DC9 /* NSXMLElement+SimplifiedCreation.m */,
				52E488BC171DF38400ED6DC9 /* ExportViewController.h */,
				52E488BD171DF38400ED6DC9 /* ExportViewController.m */,
				52E488C6171DF3DE00ED6DC9 /* ExportViewController.xib */,
				52E488CF171DFC3C00ED6DC9 /* GearDocument.h */,
				52E488D0171DFC3D00ED6DC9 /* GearDocument.m */,
				5284659C1721589D0018C3E7 /* GearDocument.xib */,
				520ED80A171F439100BB4B23 /* Gear+ExportAsPDF.h */,
				520ED80B171F439100BB4B23 /* Gear+ExportAsPDF.m */,
				52C37C8224B64F2D00E8D4DA /* Gear+ExportAsSVG.h */,
				52C37C8324B64F3200E8D4DA /* Gear+ExportAsSVG.m */,
			);
			path = Gearmaker;
			sourceTree = "<group>";
		};
		5252F9D116B5B4F0005AFA8C /* Supporting Files */ = {
			isa = PBXGroup;
			children = (
				526EFB6F172206E30066D22A /* geardoc.iconset */,
				52846598172155060018C3E7 /* icon.iconset */,
				5252F9D216B5B4F0005AFA8C /* Gearmaker-Info.plist */,
				52AD557E16B9C677007F0F0D /* Credits.rtf */,
				52AD558016B9C677007F0F0D /* InfoPlist.strings */,
				5252F9D616B5B4F0005AFA8C /* main.m */,
				5252F9D816B5B4F0005AFA8C /* Gearmaker-Prefix.pch */,
			);
			name = "Supporting Files";
			sourceTree = "<group>";
		};
		52C37C9724B7775E00E8D4DA /* GearmakerTests */ = {
			isa = PBXGroup;
			children = (
				5252FA0116B5B539005AFA8C /* TestInvolute.h */,
				5252FA0216B5B539005AFA8C /* TestInvolute.m */,
				52C86CF216B69F9E00693748 /* TestGear.h */,
				52C86CF316B69F9E00693748 /* TestGear.m */,
				52C37C9A24B7775E00E8D4DA /* Info.plist */,
			);
			path = GearmakerTests;
			sourceTree = "<group>";
		};
/* End PBXGroup section */

/* Begin PBXHeadersBuildPhase section */
		52379CA617227FB7006FC1E3 /* Headers */ = {
			isa = PBXHeadersBuildPhase;
			buildActionMask = 2147483647;
			files = (
				52379CCA172281E7006FC1E3 /* GenerateGearImage.h in Headers */,
			);
			runOnlyForDeploymentPostprocessing = 0;
		};
/* End PBXHeadersBuildPhase section */

/* Begin PBXNativeTarget section */
		52379CA917227FB7006FC1E3 /* QLPlugin */ = {
			isa = PBXNativeTarget;
			buildConfigurationList = 52379CC017227FB8006FC1E3 /* Build configuration list for PBXNativeTarget "QLPlugin" */;
			buildPhases = (
				52379CA417227FB7006FC1E3 /* Sources */,
				52379CA517227FB7006FC1E3 /* Frameworks */,
				52379CA617227FB7006FC1E3 /* Headers */,
				52379CA717227FB7006FC1E3 /* Resources */,
				52379CA817227FB7006FC1E3 /* Rez */,
			);
			buildRules = (
			);
			dependencies = (
			);
			name = QLPlugin;
			productName = QLPlugin;
			productReference = 52379CAA17227FB7006FC1E3 /* QLPlugin.qlgenerator */;
			productType = "com.apple.product-type.bundle";
		};
		5252F9C516B5B4F0005AFA8C /* Gearmaker */ = {
			isa = PBXNativeTarget;
			buildConfigurationList = 5252F9F816B5B4F0005AFA8C /* Build configuration list for PBXNativeTarget "Gearmaker" */;
			buildPhases = (
				5252F9C216B5B4F0005AFA8C /* Sources */,
				5252F9C316B5B4F0005AFA8C /* Frameworks */,
				5252F9C416B5B4F0005AFA8C /* Resources */,
				52379CC617228066006FC1E3 /* CopyFiles */,
			);
			buildRules = (
			);
			dependencies = (
			);
			name = Gearmaker;
			productName = Gearmaker;
			productReference = 5252F9C616B5B4F0005AFA8C /* Gearmaker.app */;
			productType = "com.apple.product-type.application";
		};
		52C37C9524B7775E00E8D4DA /* GearmakerTests */ = {
			isa = PBXNativeTarget;
			buildConfigurationList = 52C37C9D24B7775E00E8D4DA /* Build configuration list for PBXNativeTarget "GearmakerTests" */;
			buildPhases = (
				52C37C9224B7775E00E8D4DA /* Sources */,
				52C37C9324B7775E00E8D4DA /* Frameworks */,
				52C37C9424B7775E00E8D4DA /* Resources */,
			);
			buildRules = (
			);
			dependencies = (
				52C37C9C24B7775E00E8D4DA /* PBXTargetDependency */,
			);
			name = GearmakerTests;
			productName = GearmakerTests2;
			productReference = 52C37C9624B7775E00E8D4DA /* GearmakerTests.xctest */;
			productType = "com.apple.product-type.bundle.unit-test";
		};
/* End PBXNativeTarget section */

/* Begin PBXProject section */
		5252F9BD16B5B4F0005AFA8C /* Project object */ = {
			isa = PBXProject;
			attributes = {
				LastUpgradeCheck = 1150;
				ORGANIZATIONNAME = "Torsten Kammer";
				TargetAttributes = {
					52379CA917227FB7006FC1E3 = {
						DevelopmentTeam = MXAKMKWG34;
						ProvisioningStyle = Automatic;
					};
					5252F9C516B5B4F0005AFA8C = {
						DevelopmentTeam = MXAKMKWG34;
					};
					52C37C9524B7775E00E8D4DA = {
						CreatedOnToolsVersion = 11.5;
						DevelopmentTeam = MXAKMKWG34;
						ProvisioningStyle = Automatic;
						TestTargetID = 5252F9C516B5B4F0005AFA8C;
					};
				};
			};
			buildConfigurationList = 5252F9C016B5B4F0005AFA8C /* Build configuration list for PBXProject "Gearmaker" */;
			compatibilityVersion = "Xcode 3.2";
			developmentRegion = en;
			hasScannedForEncodings = 0;
			knownRegions = (
				en,
				de,
				Base,
			);
			mainGroup = 5252F9BB16B5B4F0005AFA8C;
			productRefGroup = 5252F9C716B5B4F0005AFA8C /* Products */;
			projectDirPath = "";
			projectRoot = "";
			targets = (
				5252F9C516B5B4F0005AFA8C /* Gearmaker */,
				52379CA917227FB7006FC1E3 /* QLPlugin */,
				52C37C9524B7775E00E8D4DA /* GearmakerTests */,
			);
		};
/* End PBXProject section */

/* Begin PBXResourcesBuildPhase section */
		52379CA717227FB7006FC1E3 /* Resources */ = {
			isa = PBXResourcesBuildPhase;
			buildActionMask = 2147483647;
			files = (
				52379CB817227FB8006FC1E3 /* InfoPlist.strings in Resources */,
			);
			runOnlyForDeploymentPostprocessing = 0;
		};
		5252F9C416B5B4F0005AFA8C /* Resources */ = {
			isa = PBXResourcesBuildPhase;
			buildActionMask = 2147483647;
			files = (
				52E488CA171DF89900ED6DC9 /* MainMenu.xib in Resources */,
				52E488CC171DF8A100ED6DC9 /* Credits.rtf in Resources */,
				528465A9172161430018C3E7 /* InfoPlist.strings in Resources */,
				52846599172155060018C3E7 /* icon.iconset in Resources */,
				528465AA172161480018C3E7 /* GearDocument.xib in Resources */,
				528465AB1721614E0018C3E7 /* ExportViewController.xib in Resources */,
				526EFB70172206E30066D22A /* geardoc.iconset in Resources */,
			);
			runOnlyForDeploymentPostprocessing = 0;
		};
		52C37C9424B7775E00E8D4DA /* Resources */ = {
			isa = PBXResourcesBuildPhase;
			buildActionMask = 2147483647;
			files = (
			);
			runOnlyForDeploymentPostprocessing = 0;
		};
/* End PBXResourcesBuildPhase section */

/* Begin PBXRezBuildPhase section */
		52379CA817227FB7006FC1E3 /* Rez */ = {
			isa = PBXRezBuildPhase;
			buildActionMask = 2147483647;
			files = (
			);
			runOnlyForDeploymentPostprocessing = 0;
		};
/* End PBXRezBuildPhase section */

/* Begin PBXSourcesBuildPhase section */
		52379CA417227FB7006FC1E3 /* Sources */ = {
			isa = PBXSourcesBuildPhase;
			buildActionMask = 2147483647;
			files = (
				52379CBA17227FB8006FC1E3 /* GenerateThumbnailForURL.c in Sources */,
				52379CBC17227FB8006FC1E3 /* GeneratePreviewForURL.c in Sources */,
				52379CBE17227FB8006FC1E3 /* main.c in Sources */,
				52379CCB172281E7006FC1E3 /* GenerateGearImage.m in Sources */,
				52379CCE172282C6006FC1E3 /* Involute.m in Sources */,
				52379CCF172282C6006FC1E3 /* Gear.m in Sources */,
				52379CD0172287D1006FC1E3 /* NSArray+Map.m in Sources */,
			);
			runOnlyForDeploymentPostprocessing = 0;
		};
		5252F9C216B5B4F0005AFA8C /* Sources */ = {
			isa = PBXSourcesBuildPhase;
			buildActionMask = 2147483647;
			files = (
				5252F9D716B5B4F0005AFA8C /* main.m in Sources */,
				5252FA0016B5B500005AFA8C /* Involute.m in Sources */,
				52C86CF016B69E3E00693748 /* Gear.m in Sources */,
				52C86CFD16B70B7800693748 /* NSArray+Map.m in Sources */,
				52C86D0016B70F8A00693748 /* GearView.m in Sources */,
				52C37C8824B6560100E8D4DA /* Gear+ExportAsSVG.m in Sources */,
				52C86D0316B71A1F00693748 /* Gear3D.m in Sources */,
				52E488B5171DA2A000ED6DC9 /* Gear3D+ColladaExport.m in Sources */,
				52E488BB171DEA3400ED6DC9 /* NSXMLElement+SimplifiedCreation.m in Sources */,
				52E488BF171DF38400ED6DC9 /* ExportViewController.m in Sources */,
				52E488D2171DFC3D00ED6DC9 /* GearDocument.m in Sources */,
				52E99F351758B0BC0087BC06 /* GenerateGearImage.m in Sources */,
				52E99F361758B12D0087BC06 /* Gear+ExportAsPDF.m in Sources */,
			);
			runOnlyForDeploymentPostprocessing = 0;
		};
		52C37C9224B7775E00E8D4DA /* Sources */ = {
			isa = PBXSourcesBuildPhase;
			buildActionMask = 2147483647;
			files = (
				52C37CA124B7776B00E8D4DA /* TestGear.m in Sources */,
				52C37CA024B7776B00E8D4DA /* TestInvolute.m in Sources */,
			);
			runOnlyForDeploymentPostprocessing = 0;
		};
/* End PBXSourcesBuildPhase section */

/* Begin PBXTargetDependency section */
		52C37C9C24B7775E00E8D4DA /* PBXTargetDependency */ = {
			isa = PBXTargetDependency;
			target = 5252F9C516B5B4F0005AFA8C /* Gearmaker */;
			targetProxy = 52C37C9B24B7775E00E8D4DA /* PBXContainerItemProxy */;
		};
/* End PBXTargetDependency section */

/* Begin PBXVariantGroup section */
		52379CB617227FB8006FC1E3 /* InfoPlist.strings */ = {
			isa = PBXVariantGroup;
			children = (
				52379CB717227FB8006FC1E3 /* en */,
			);
			name = InfoPlist.strings;
			sourceTree = "<group>";
		};
		5284659C1721589D0018C3E7 /* GearDocument.xib */ = {
			isa = PBXVariantGroup;
			children = (
				5284659D172158A20018C3E7 /* Base */,
				52C37C8924B7721000E8D4DA /* en */,
				52C37C8A24B7721400E8D4DA /* de */,
			);
			name = GearDocument.xib;
			sourceTree = "<group>";
		};
		52AD557E16B9C677007F0F0D /* Credits.rtf */ = {
			isa = PBXVariantGroup;
			children = (
				52AD557F16B9C677007F0F0D /* de */,
				528465A7172160860018C3E7 /* en */,
			);
			name = Credits.rtf;
			path = ..;
			sourceTree = "<group>";
		};
		52AD558016B9C677007F0F0D /* InfoPlist.strings */ = {
			isa = PBXVariantGroup;
			children = (
				52AD558116B9C677007F0F0D /* de */,
				528465A81721608A0018C3E7 /* en */,
			);
			name = InfoPlist.strings;
			path = ..;
			sourceTree = "<group>";
		};
		52AD558616B9C681007F0F0D /* MainMenu.xib */ = {
			isa = PBXVariantGroup;
			children = (
				52E488C1171DF3B500ED6DC9 /* Base */,
				52E488C3171DF3BF00ED6DC9 /* de */,
				528465AD1721630C0018C3E7 /* en */,
			);
			name = MainMenu.xib;
			sourceTree = "<group>";
		};
		52E488C6171DF3DE00ED6DC9 /* ExportViewController.xib */ = {
			isa = PBXVariantGroup;
			children = (
				52E488C7171DF3E200ED6DC9 /* Base */,
				52C37C8524B655C300E8D4DA /* en */,
				52C37C8724B655C600E8D4DA /* de */,
			);
			name = ExportViewController.xib;
			sourceTree = "<group>";
		};
/* End PBXVariantGroup section */

/* Begin XCBuildConfiguration section */
		52379CC117227FB8006FC1E3 /* Debug */ = {
			isa = XCBuildConfiguration;
			buildSettings = {
				CLANG_WARN_CONSTANT_CONVERSION = YES;
				CLANG_WARN_ENUM_CONVERSION = YES;
				CLANG_WARN_INT_CONVERSION = YES;
				CODE_SIGN_IDENTITY = "Apple Development";
				CODE_SIGN_STYLE = Automatic;
				COMBINE_HIDPI_IMAGES = YES;
				DEVELOPMENT_TEAM = MXAKMKWG34;
				GCC_PRECOMPILE_PREFIX_HEADER = YES;
				GCC_PREFIX_HEADER = "QLPlugin/QLPlugin-Prefix.pch";
				INFOPLIST_FILE = "QLPlugin/QLPlugin-Info.plist";
				INSTALL_PATH = /Library/QuickLook;
				PRODUCT_BUNDLE_IDENTIFIER = "de.ferroequinologist.gearmaker.${PRODUCT_NAME:rfc1034identifier}";
				PRODUCT_NAME = "$(TARGET_NAME)";
				PROVISIONING_PROFILE_SPECIFIER = "";
				SKIP_INSTALL = YES;
				WRAPPER_EXTENSION = qlgenerator;
			};
			name = Debug;
		};
		52379CC217227FB8006FC1E3 /* Release */ = {
			isa = XCBuildConfiguration;
			buildSettings = {
				CLANG_WARN_CONSTANT_CONVERSION = YES;
				CLANG_WARN_ENUM_CONVERSION = YES;
				CLANG_WARN_INT_CONVERSION = YES;
				CODE_SIGN_IDENTITY = "Apple Development";
				CODE_SIGN_STYLE = Automatic;
				COMBINE_HIDPI_IMAGES = YES;
				DEVELOPMENT_TEAM = MXAKMKWG34;
				GCC_PRECOMPILE_PREFIX_HEADER = YES;
				GCC_PREFIX_HEADER = "QLPlugin/QLPlugin-Prefix.pch";
				INFOPLIST_FILE = "QLPlugin/QLPlugin-Info.plist";
				INSTALL_PATH = /Library/QuickLook;
				PRODUCT_BUNDLE_IDENTIFIER = "de.ferroequinologist.gearmaker.${PRODUCT_NAME:rfc1034identifier}";
				PRODUCT_NAME = "$(TARGET_NAME)";
				PROVISIONING_PROFILE_SPECIFIER = "";
				SKIP_INSTALL = YES;
				WRAPPER_EXTENSION = qlgenerator;
			};
			name = Release;
		};
		5252F9F616B5B4F0005AFA8C /* Debug */ = {
			isa = XCBuildConfiguration;
			buildSettings = {
				ALWAYS_SEARCH_USER_PATHS = NO;
				CLANG_ANALYZER_LOCALIZABILITY_NONLOCALIZED = YES;
				CLANG_CXX_LANGUAGE_STANDARD = "gnu++17";
				CLANG_CXX_LIBRARY = "libc++";
				CLANG_ENABLE_OBJC_ARC = YES;
				CLANG_WARN_BLOCK_CAPTURE_AUTORELEASING = YES;
				CLANG_WARN_BOOL_CONVERSION = YES;
				CLANG_WARN_COMMA = YES;
				CLANG_WARN_CONSTANT_CONVERSION = YES;
				CLANG_WARN_DEPRECATED_OBJC_IMPLEMENTATIONS = YES;
				CLANG_WARN_EMPTY_BODY = YES;
				CLANG_WARN_ENUM_CONVERSION = YES;
				CLANG_WARN_INFINITE_RECURSION = YES;
				CLANG_WARN_INT_CONVERSION = YES;
				CLANG_WARN_NON_LITERAL_NULL_CONVERSION = YES;
				CLANG_WARN_OBJC_IMPLICIT_RETAIN_SELF = YES;
				CLANG_WARN_OBJC_LITERAL_CONVERSION = YES;
				CLANG_WARN_RANGE_LOOP_ANALYSIS = YES;
				CLANG_WARN_STRICT_PROTOTYPES = YES;
				CLANG_WARN_SUSPICIOUS_MOVE = YES;
				CLANG_WARN_UNREACHABLE_CODE = YES;
				CLANG_WARN__DUPLICATE_METHOD_MATCH = YES;
				CODE_SIGN_IDENTITY = "Apple Development";
				COPY_PHASE_STRIP = NO;
				ENABLE_STRICT_OBJC_MSGSEND = YES;
				ENABLE_TESTABILITY = YES;
				GCC_C_LANGUAGE_STANDARD = gnu99;
				GCC_DYNAMIC_NO_PIC = NO;
				GCC_ENABLE_OBJC_EXCEPTIONS = YES;
				GCC_NO_COMMON_BLOCKS = YES;
				GCC_OPTIMIZATION_LEVEL = 0;
				GCC_PREPROCESSOR_DEFINITIONS = (
					"DEBUG=1",
					"$(inherited)",
				);
				GCC_SYMBOLS_PRIVATE_EXTERN = NO;
				GCC_TREAT_WARNINGS_AS_ERRORS = YES;
				GCC_WARN_64_TO_32_BIT_CONVERSION = YES;
				GCC_WARN_ABOUT_RETURN_TYPE = YES;
				GCC_WARN_PEDANTIC = YES;
				GCC_WARN_UNDECLARED_SELECTOR = YES;
				GCC_WARN_UNINITIALIZED_AUTOS = YES;
				GCC_WARN_UNUSED_FUNCTION = YES;
				GCC_WARN_UNUSED_VARIABLE = YES;
				MACOSX_DEPLOYMENT_TARGET = 10.8;
				ONLY_ACTIVE_ARCH = YES;
				PROVISIONING_PROFILE = "";
				SDKROOT = macosx;
				SKIP_INSTALL = NO;
				WARNING_CFLAGS = (
					"-Wall",
					"-Wno-gnu",
				);
			};
			name = Debug;
		};
		5252F9F716B5B4F0005AFA8C /* Release */ = {
			isa = XCBuildConfiguration;
			buildSettings = {
				ALWAYS_SEARCH_USER_PATHS = NO;
				CLANG_ANALYZER_LOCALIZABILITY_NONLOCALIZED = YES;
				CLANG_CXX_LANGUAGE_STANDARD = "gnu++17";
				CLANG_CXX_LIBRARY = "libc++";
				CLANG_ENABLE_OBJC_ARC = YES;
				CLANG_WARN_BLOCK_CAPTURE_AUTORELEASING = YES;
				CLANG_WARN_BOOL_CONVERSION = YES;
				CLANG_WARN_COMMA = YES;
				CLANG_WARN_CONSTANT_CONVERSION = YES;
				CLANG_WARN_DEPRECATED_OBJC_IMPLEMENTATIONS = YES;
				CLANG_WARN_EMPTY_BODY = YES;
				CLANG_WARN_ENUM_CONVERSION = YES;
				CLANG_WARN_INFINITE_RECURSION = YES;
				CLANG_WARN_INT_CONVERSION = YES;
				CLANG_WARN_NON_LITERAL_NULL_CONVERSION = YES;
				CLANG_WARN_OBJC_IMPLICIT_RETAIN_SELF = YES;
				CLANG_WARN_OBJC_LITERAL_CONVERSION = YES;
				CLANG_WARN_RANGE_LOOP_ANALYSIS = YES;
				CLANG_WARN_STRICT_PROTOTYPES = YES;
				CLANG_WARN_SUSPICIOUS_MOVE = YES;
				CLANG_WARN_UNREACHABLE_CODE = YES;
				CLANG_WARN__DUPLICATE_METHOD_MATCH = YES;
				CODE_SIGN_IDENTITY = "Apple Development";
				COPY_PHASE_STRIP = YES;
				DEBUG_INFORMATION_FORMAT = "dwarf-with-dsym";
				ENABLE_STRICT_OBJC_MSGSEND = YES;
				GCC_C_LANGUAGE_STANDARD = gnu99;
				GCC_ENABLE_OBJC_EXCEPTIONS = YES;
				GCC_NO_COMMON_BLOCKS = YES;
				GCC_TREAT_WARNINGS_AS_ERRORS = YES;
				GCC_WARN_64_TO_32_BIT_CONVERSION = YES;
				GCC_WARN_ABOUT_RETURN_TYPE = YES;
				GCC_WARN_PEDANTIC = YES;
				GCC_WARN_UNDECLARED_SELECTOR = YES;
				GCC_WARN_UNINITIALIZED_AUTOS = YES;
				GCC_WARN_UNUSED_FUNCTION = YES;
				GCC_WARN_UNUSED_VARIABLE = YES;
				MACOSX_DEPLOYMENT_TARGET = 10.8;
				PROVISIONING_PROFILE = "";
				SDKROOT = macosx;
				SKIP_INSTALL = NO;
				WARNING_CFLAGS = (
					"-Wall",
					"-Wno-gnu",
				);
			};
			name = Release;
		};
		5252F9F916B5B4F0005AFA8C /* Debug */ = {
			isa = XCBuildConfiguration;
			buildSettings = {
				CODE_SIGN_ENTITLEMENTS = Gearmaker/Gearmaker.entitlements;
				CODE_SIGN_IDENTITY = "Mac Developer";
				COMBINE_HIDPI_IMAGES = YES;
				DEVELOPMENT_TEAM = MXAKMKWG34;
				ENABLE_HARDENED_RUNTIME = YES;
				GCC_PRECOMPILE_PREFIX_HEADER = YES;
				GCC_PREFIX_HEADER = "Gearmaker/Gearmaker-Prefix.pch";
				INFOPLIST_FILE = "Gearmaker/Gearmaker-Info.plist";
				PRODUCT_BUNDLE_IDENTIFIER = "de.ferroequinologist.${PRODUCT_NAME:rfc1034identifier}";
				PRODUCT_NAME = "$(TARGET_NAME)";
				PROVISIONING_PROFILE = "";
				WRAPPER_EXTENSION = app;
			};
			name = Debug;
		};
		5252F9FA16B5B4F0005AFA8C /* Release */ = {
			isa = XCBuildConfiguration;
			buildSettings = {
				CODE_SIGN_ENTITLEMENTS = Gearmaker/Gearmaker.entitlements;
				CODE_SIGN_IDENTITY = "Mac Developer";
				COMBINE_HIDPI_IMAGES = YES;
				DEVELOPMENT_TEAM = MXAKMKWG34;
				ENABLE_HARDENED_RUNTIME = YES;
				GCC_PRECOMPILE_PREFIX_HEADER = YES;
				GCC_PREFIX_HEADER = "Gearmaker/Gearmaker-Prefix.pch";
				INFOPLIST_FILE = "Gearmaker/Gearmaker-Info.plist";
				PRODUCT_BUNDLE_IDENTIFIER = "de.ferroequinologist.${PRODUCT_NAME:rfc1034identifier}";
				PRODUCT_NAME = "$(TARGET_NAME)";
				PROVISIONING_PROFILE = "";
				WRAPPER_EXTENSION = app;
			};
			name = Release;
		};
		52C37C9E24B7775E00E8D4DA /* Debug */ = {
			isa = XCBuildConfiguration;
			buildSettings = {
				BUNDLE_LOADER = "$(TEST_HOST)";
				CLANG_ANALYZER_NONNULL = YES;
				CLANG_ANALYZER_NUMBER_OBJECT_CONVERSION = YES_AGGRESSIVE;
				CLANG_CXX_LANGUAGE_STANDARD = "gnu++14";
				CLANG_ENABLE_MODULES = YES;
				CLANG_ENABLE_OBJC_WEAK = YES;
				CLANG_WARN_DIRECT_OBJC_ISA_USAGE = YES_ERROR;
				CLANG_WARN_DOCUMENTATION_COMMENTS = YES;
				CLANG_WARN_OBJC_ROOT_CLASS = YES_ERROR;
				CLANG_WARN_UNGUARDED_AVAILABILITY = YES_AGGRESSIVE;
				CODE_SIGN_STYLE = Automatic;
				COMBINE_HIDPI_IMAGES = YES;
				DEBUG_INFORMATION_FORMAT = dwarf;
				DEVELOPMENT_TEAM = MXAKMKWG34;
				GCC_C_LANGUAGE_STANDARD = gnu11;
				GCC_WARN_ABOUT_RETURN_TYPE = YES_ERROR;
				GCC_WARN_UNINITIALIZED_AUTOS = YES_AGGRESSIVE;
				INFOPLIST_FILE = GearmakerTests/Info.plist;
				LD_RUNPATH_SEARCH_PATHS = "$(inherited) @executable_path/../Frameworks @loader_path/../Frameworks";
				MACOSX_DEPLOYMENT_TARGET = 10.15;
				MTL_ENABLE_DEBUG_INFO = INCLUDE_SOURCE;
				MTL_FAST_MATH = YES;
				PRODUCT_BUNDLE_IDENTIFIER = de.ferroequinologist.GearmakerTests;
				PRODUCT_NAME = "$(TARGET_NAME)";
				TEST_HOST = "$(BUILT_PRODUCTS_DIR)/Gearmaker.app/Contents/MacOS/Gearmaker";
			};
			name = Debug;
		};
		52C37C9F24B7775E00E8D4DA /* Release */ = {
			isa = XCBuildConfiguration;
			buildSettings = {
				BUNDLE_LOADER = "$(TEST_HOST)";
				CLANG_ANALYZER_NONNULL = YES;
				CLANG_ANALYZER_NUMBER_OBJECT_CONVERSION = YES_AGGRESSIVE;
				CLANG_CXX_LANGUAGE_STANDARD = "gnu++14";
				CLANG_ENABLE_MODULES = YES;
				CLANG_ENABLE_OBJC_WEAK = YES;
				CLANG_WARN_DIRECT_OBJC_ISA_USAGE = YES_ERROR;
				CLANG_WARN_DOCUMENTATION_COMMENTS = YES;
				CLANG_WARN_OBJC_ROOT_CLASS = YES_ERROR;
				CLANG_WARN_UNGUARDED_AVAILABILITY = YES_AGGRESSIVE;
				CODE_SIGN_STYLE = Automatic;
				COMBINE_HIDPI_IMAGES = YES;
				COPY_PHASE_STRIP = NO;
				DEVELOPMENT_TEAM = MXAKMKWG34;
				ENABLE_NS_ASSERTIONS = NO;
				GCC_C_LANGUAGE_STANDARD = gnu11;
				GCC_WARN_ABOUT_RETURN_TYPE = YES_ERROR;
				GCC_WARN_UNINITIALIZED_AUTOS = YES_AGGRESSIVE;
				INFOPLIST_FILE = GearmakerTests/Info.plist;
				LD_RUNPATH_SEARCH_PATHS = "$(inherited) @executable_path/../Frameworks @loader_path/../Frameworks";
				MACOSX_DEPLOYMENT_TARGET = 10.15;
				MTL_ENABLE_DEBUG_INFO = NO;
				MTL_FAST_MATH = YES;
				PRODUCT_BUNDLE_IDENTIFIER = de.ferroequinologist.GearmakerTests;
				PRODUCT_NAME = "$(TARGET_NAME)";
				TEST_HOST = "$(BUILT_PRODUCTS_DIR)/Gearmaker.app/Contents/MacOS/Gearmaker";
			};
			name = Release;
		};
/* End XCBuildConfiguration section */

/* Begin XCConfigurationList section */
		52379CC017227FB8006FC1E3 /* Build configuration list for PBXNativeTarget "QLPlugin" */ = {
			isa = XCConfigurationList;
			buildConfigurations = (
				52379CC117227FB8006FC1E3 /* Debug */,
				52379CC217227FB8006FC1E3 /* Release */,
			);
			defaultConfigurationIsVisible = 0;
			defaultConfigurationName = Release;
		};
		5252F9C016B5B4F0005AFA8C /* Build configuration list for PBXProject "Gearmaker" */ = {
			isa = XCConfigurationList;
			buildConfigurations = (
				5252F9F616B5B4F0005AFA8C /* Debug */,
				5252F9F716B5B4F0005AFA8C /* Release */,
			);
			defaultConfigurationIsVisible = 0;
			defaultConfigurationName = Release;
		};
		5252F9F816B5B4F0005AFA8C /* Build configuration list for PBXNativeTarget "Gearmaker" */ = {
			isa = XCConfigurationList;
			buildConfigurations = (
				5252F9F916B5B4F0005AFA8C /* Debug */,
				5252F9FA16B5B4F0005AFA8C /* Release */,
			);
			defaultConfigurationIsVisible = 0;
			defaultConfigurationName = Release;
		};
		52C37C9D24B7775E00E8D4DA /* Build configuration list for PBXNativeTarget "GearmakerTests" */ = {
			isa = XCConfigurationList;
			buildConfigurations = (
				52C37C9E24B7775E00E8D4DA /* Debug */,
				52C37C9F24B7775E00E8D4DA /* Release */,
			);
			defaultConfigurationIsVisible = 0;
			defaultConfigurationName = Release;
		};
/* End XCConfigurationList section */
	};
	rootObject = 5252F9BD16B5B4F0005AFA8C /* Project object */;
}
